
Microsoft Visual Studio Solution File, Format Version 12.00
# Visual Studio Version 17
VisualStudioVersion = 17.5.002.0
MinimumVisualStudioVersion = 10.0.40219.1
Project("{9A19103F-16F7-4668-BE54-9A1E7A4F7556}") = "Yt_Dot6Identity", "Yt_Dot6Identity.csproj", "{362133A8-1702-416D-AC7C-00BF82C20414}"
EndProject
Global
	GlobalSection(SolutionConfigurationPlatforms) = preSolution
		Debug|Any CPU = Debug|Any CPU
		Release|Any CPU = Release|Any CPU
	EndGlobalSection
	GlobalSection(ProjectConfigurationPlatforms) = postSolution
		{362133A8-1702-416D-AC7C-00BF82C20414}.Debug|Any CPU.ActiveCfg = Debug|Any CPU
		{362133A8-1702-416D-AC7C-00BF82C20414}.Debug|Any CPU.Build.0 = Debug|Any CPU
		{362133A8-1702-416D-AC7C-00BF82C20414}.Release|Any CPU.ActiveCfg = Release|Any CPU
		{362133A8-1702-416D-AC7C-00BF82C20414}.Release|Any CPU.Build.0 = Release|Any CPU
	EndGlobalSection
	GlobalSection(SolutionProperties) = preSolution
		HideSolutionNode = FALSE
	EndGlobalSection
	GlobalSection(ExtensibilityGlobals) = postSolution
		SolutionGuid = {9B419673-7858-4961-8974-BF4CD57E811B}
	EndGlobalSection
EndGlobal
